// !$*UTF8*$!
{
	archiveVersion = 1;
	classes = {
	};
	objectVersion = 56;
	objects = {

/* Begin PBXBuildFile section */
		D56F3B102CBC0BD100EEDC84 /* Check_InApp.swift in Sources */ = {isa = PBXBuildFile; fileRef = D56F3B0F2CBC0BD100EEDC84 /* Check_InApp.swift */; };
		D56F3B142CBC0BD200EEDC84 /* Assets.xcassets in Resources */ = {isa = PBXBuildFile; fileRef = D56F3B132CBC0BD200EEDC84 /* Assets.xcassets */; };
		D56F3B182CBC0BD200EEDC84 /* Preview Assets.xcassets in Resources */ = {isa = PBXBuildFile; fileRef = D56F3B172CBC0BD200EEDC84 /* Preview Assets.xcassets */; };
		D56F3B1F2CBC0C7900EEDC84 /* Info.swift in Sources */ = {isa = PBXBuildFile; fileRef = D56F3B1E2CBC0C7900EEDC84 /* Info.swift */; };
		D56F3B212CBC2E2E00EEDC84 /* HistoryView.swift in Sources */ = {isa = PBXBuildFile; fileRef = D56F3B202CBC2E2E00EEDC84 /* HistoryView.swift */; };
		D56F3B232CBE111100EEDC84 /* CalendarView.swift in Sources */ = {isa = PBXBuildFile; fileRef = D56F3B222CBE111000EEDC84 /* CalendarView.swift */; };
		D57038BC2CC52C51001BB7AF /* IntroductionView.swift in Sources */ = {isa = PBXBuildFile; fileRef = D57038BB2CC52C51001BB7AF /* IntroductionView.swift */; };
		D57038F02CC5718D001BB7AF /* ContentView.swift in Sources */ = {isa = PBXBuildFile; fileRef = D57038EF2CC5718D001BB7AF /* ContentView.swift */; };
		D57038F42CC57201001BB7AF /* LoginView.swift in Sources */ = {isa = PBXBuildFile; fileRef = D57038F32CC57201001BB7AF /* LoginView.swift */; };
		D57038F62CC57264001BB7AF /* CheckInView.swift in Sources */ = {isa = PBXBuildFile; fileRef = D57038F52CC57264001BB7AF /* CheckInView.swift */; };
		D57038F82CC575B3001BB7AF /* InputView.swift in Sources */ = {isa = PBXBuildFile; fileRef = D57038F72CC575B3001BB7AF /* InputView.swift */; };
		D57038FA2CC57B9C001BB7AF /* SignupView.swift in Sources */ = {isa = PBXBuildFile; fileRef = D57038F92CC57B9C001BB7AF /* SignupView.swift */; };
		D57038FC2CC68898001BB7AF /* ProfileView.swift in Sources */ = {isa = PBXBuildFile; fileRef = D57038FB2CC68898001BB7AF /* ProfileView.swift */; };
		D57038FE2CC68A61001BB7AF /* SettingsRowView.swift in Sources */ = {isa = PBXBuildFile; fileRef = D57038FD2CC68A61001BB7AF /* SettingsRowView.swift */; };
		D57039002CC68C4F001BB7AF /* User.swift in Sources */ = {isa = PBXBuildFile; fileRef = D57038FF2CC68C4F001BB7AF /* User.swift */; };
		D57039022CC69361001BB7AF /* GoogleService-Info.plist in Resources */ = {isa = PBXBuildFile; fileRef = D57039012CC69361001BB7AF /* GoogleService-Info.plist */; };
		D57039052CC695B1001BB7AF /* FirebaseAuth in Frameworks */ = {isa = PBXBuildFile; productRef = D57039042CC695B1001BB7AF /* FirebaseAuth */; };
		D57039072CC695B1001BB7AF /* FirebaseFirestore in Frameworks */ = {isa = PBXBuildFile; productRef = D57039062CC695B1001BB7AF /* FirebaseFirestore */; };
		D57039092CC695B1001BB7AF /* FirebaseStorage in Frameworks */ = {isa = PBXBuildFile; productRef = D57039082CC695B1001BB7AF /* FirebaseStorage */; };
		D570390E2CC6966A001BB7AF /* AuthViewModel.swift in Sources */ = {isa = PBXBuildFile; fileRef = D570390D2CC6966A001BB7AF /* AuthViewModel.swift */; };
		D57039102CC6B1F9001BB7AF /* FirebaseFirestoreCombine-Community in Frameworks */ = {isa = PBXBuildFile; productRef = D570390F2CC6B1F9001BB7AF /* FirebaseFirestoreCombine-Community */; };
		D58DF1C32CC9EEBF0070421B /* CaretakerHomeView.swift in Sources */ = {isa = PBXBuildFile; fileRef = D58DF1C22CC9EEBF0070421B /* CaretakerHomeView.swift */; };
/* End PBXBuildFile section */

/* Begin PBXFileReference section */
		D56F3B0C2CBC0BD100EEDC84 /* Check In.app */ = {isa = PBXFileReference; explicitFileType = wrapper.application; includeInIndex = 0; path = "Check In.app"; sourceTree = BUILT_PRODUCTS_DIR; };
		D56F3B0F2CBC0BD100EEDC84 /* Check_InApp.swift */ = {isa = PBXFileReference; lastKnownFileType = sourcecode.swift; path = Check_InApp.swift; sourceTree = "<group>"; };
		D56F3B132CBC0BD200EEDC84 /* Assets.xcassets */ = {isa = PBXFileReference; lastKnownFileType = folder.assetcatalog; path = Assets.xcassets; sourceTree = "<group>"; };
		D56F3B152CBC0BD200EEDC84 /* Check_In.entitlements */ = {isa = PBXFileReference; lastKnownFileType = text.plist.entitlements; path = Check_In.entitlements; sourceTree = "<group>"; };
		D56F3B172CBC0BD200EEDC84 /* Preview Assets.xcassets */ = {isa = PBXFileReference; lastKnownFileType = folder.assetcatalog; path = "Preview Assets.xcassets"; sourceTree = "<group>"; };
		D56F3B1E2CBC0C7900EEDC84 /* Info.swift */ = {isa = PBXFileReference; lastKnownFileType = sourcecode.swift; path = Info.swift; sourceTree = "<group>"; };
		D56F3B202CBC2E2E00EEDC84 /* HistoryView.swift */ = {isa = PBXFileReference; lastKnownFileType = sourcecode.swift; path = HistoryView.swift; sourceTree = "<group>"; };
		D56F3B222CBE111000EEDC84 /* CalendarView.swift */ = {isa = PBXFileReference; lastKnownFileType = sourcecode.swift; path = CalendarView.swift; sourceTree = "<group>"; };
		D57038BB2CC52C51001BB7AF /* IntroductionView.swift */ = {isa = PBXFileReference; lastKnownFileType = sourcecode.swift; path = IntroductionView.swift; sourceTree = "<group>"; };
		D57038EF2CC5718D001BB7AF /* ContentView.swift */ = {isa = PBXFileReference; lastKnownFileType = sourcecode.swift; path = ContentView.swift; sourceTree = "<group>"; };
		D57038F32CC57201001BB7AF /* LoginView.swift */ = {isa = PBXFileReference; lastKnownFileType = sourcecode.swift; path = LoginView.swift; sourceTree = "<group>"; };
		D57038F52CC57264001BB7AF /* CheckInView.swift */ = {isa = PBXFileReference; lastKnownFileType = sourcecode.swift; path = CheckInView.swift; sourceTree = "<group>"; };
		D57038F72CC575B3001BB7AF /* InputView.swift */ = {isa = PBXFileReference; lastKnownFileType = sourcecode.swift; path = InputView.swift; sourceTree = "<group>"; };
		D57038F92CC57B9C001BB7AF /* SignupView.swift */ = {isa = PBXFileReference; lastKnownFileType = sourcecode.swift; path = SignupView.swift; sourceTree = "<group>"; };
		D57038FB2CC68898001BB7AF /* ProfileView.swift */ = {isa = PBXFileReference; lastKnownFileType = sourcecode.swift; path = ProfileView.swift; sourceTree = "<group>"; };
		D57038FD2CC68A61001BB7AF /* SettingsRowView.swift */ = {isa = PBXFileReference; lastKnownFileType = sourcecode.swift; path = SettingsRowView.swift; sourceTree = "<group>"; };
		D57038FF2CC68C4F001BB7AF /* User.swift */ = {isa = PBXFileReference; lastKnownFileType = sourcecode.swift; path = User.swift; sourceTree = "<group>"; };
		D57039012CC69361001BB7AF /* GoogleService-Info.plist */ = {isa = PBXFileReference; fileEncoding = 4; lastKnownFileType = text.plist.xml; path = "GoogleService-Info.plist"; sourceTree = SOURCE_ROOT; };
		D570390D2CC6966A001BB7AF /* AuthViewModel.swift */ = {isa = PBXFileReference; lastKnownFileType = sourcecode.swift; path = AuthViewModel.swift; sourceTree = "<group>"; };
		D58DF1C22CC9EEBF0070421B /* CaretakerHomeView.swift */ = {isa = PBXFileReference; lastKnownFileType = sourcecode.swift; path = CaretakerHomeView.swift; sourceTree = "<group>"; };
/* End PBXFileReference section */

/* Begin PBXFrameworksBuildPhase section */
		D56F3B092CBC0BD100EEDC84 /* Frameworks */ = {
			isa = PBXFrameworksBuildPhase;
			buildActionMask = 2147483647;
			files = (
				D57039052CC695B1001BB7AF /* FirebaseAuth in Frameworks */,
				D57039102CC6B1F9001BB7AF /* FirebaseFirestoreCombine-Community in Frameworks */,
				D57039072CC695B1001BB7AF /* FirebaseFirestore in Frameworks */,
				D57039092CC695B1001BB7AF /* FirebaseStorage in Frameworks */,
			);
			runOnlyForDeploymentPostprocessing = 0;
		};
/* End PBXFrameworksBuildPhase section */

/* Begin PBXGroup section */
		D56F3B032CBC0BD100EEDC84 = {
			isa = PBXGroup;
			children = (
				D56F3B0E2CBC0BD100EEDC84 /* Check In */,
				D56F3B0D2CBC0BD100EEDC84 /* Products */,
			);
			sourceTree = "<group>";
		};
		D56F3B0D2CBC0BD100EEDC84 /* Products */ = {
			isa = PBXGroup;
			children = (
				D56F3B0C2CBC0BD100EEDC84 /* Check In.app */,
			);
			name = Products;
			sourceTree = "<group>";
		};
		D56F3B0E2CBC0BD100EEDC84 /* Check In */ = {
			isa = PBXGroup;
			children = (
				D57038ED2CC570CD001BB7AF /* Components */,
				D57038EC2CC570BC001BB7AF /* Model */,
				D57038EB2CC570B3001BB7AF /* Core */,
				D57038EA2CC57087001BB7AF /* App */,
				D57038F52CC57264001BB7AF /* CheckInView.swift */,
				D56F3B1E2CBC0C7900EEDC84 /* Info.swift */,
				D56F3B202CBC2E2E00EEDC84 /* HistoryView.swift */,
				D56F3B222CBE111000EEDC84 /* CalendarView.swift */,
				D57038BB2CC52C51001BB7AF /* IntroductionView.swift */,
				D58DF1C22CC9EEBF0070421B /* CaretakerHomeView.swift */,
				D56F3B132CBC0BD200EEDC84 /* Assets.xcassets */,
				D57039012CC69361001BB7AF /* GoogleService-Info.plist */,
				D56F3B152CBC0BD200EEDC84 /* Check_In.entitlements */,
				D56F3B162CBC0BD200EEDC84 /* Preview Content */,
			);
			path = "Check In";
			sourceTree = "<group>";
		};
		D56F3B162CBC0BD200EEDC84 /* Preview Content */ = {
			isa = PBXGroup;
			children = (
				D56F3B172CBC0BD200EEDC84 /* Preview Assets.xcassets */,
			);
			path = "Preview Content";
			sourceTree = "<group>";
		};
		D57038EA2CC57087001BB7AF /* App */ = {
			isa = PBXGroup;
			children = (
				D56F3B0F2CBC0BD100EEDC84 /* Check_InApp.swift */,
			);
			path = App;
			sourceTree = "<group>";
		};
		D57038EB2CC570B3001BB7AF /* Core */ = {
			isa = PBXGroup;
			children = (
				D57038F12CC571A3001BB7AF /* Authentication */,
				D57038F22CC571B3001BB7AF /* Profile */,
				D57038EE2CC570FA001BB7AF /* Root */,
			);
			path = Core;
			sourceTree = "<group>";
		};
		D57038EC2CC570BC001BB7AF /* Model */ = {
			isa = PBXGroup;
			children = (
				D57038FF2CC68C4F001BB7AF /* User.swift */,
			);
			path = Model;
			sourceTree = "<group>";
		};
		D57038ED2CC570CD001BB7AF /* Components */ = {
			isa = PBXGroup;
			children = (
				D57038F72CC575B3001BB7AF /* InputView.swift */,
				D57038FD2CC68A61001BB7AF /* SettingsRowView.swift */,
			);
			path = Components;
			sourceTree = "<group>";
		};
		D57038EE2CC570FA001BB7AF /* Root */ = {
			isa = PBXGroup;
			children = (
				D57038EF2CC5718D001BB7AF /* ContentView.swift */,
			);
			path = Root;
			sourceTree = "<group>";
		};
		D57038F12CC571A3001BB7AF /* Authentication */ = {
			isa = PBXGroup;
			children = (
				D570390C2CC69622001BB7AF /* ViewModel */,
				D570390A2CC69609001BB7AF /* View */,
			);
			path = Authentication;
			sourceTree = "<group>";
		};
		D57038F22CC571B3001BB7AF /* Profile */ = {
			isa = PBXGroup;
			children = (
				D57038FB2CC68898001BB7AF /* ProfileView.swift */,
			);
			path = Profile;
			sourceTree = "<group>";
		};
		D570390A2CC69609001BB7AF /* View */ = {
			isa = PBXGroup;
			children = (
				D57038F32CC57201001BB7AF /* LoginView.swift */,
				D57038F92CC57B9C001BB7AF /* SignupView.swift */,
			);
			path = View;
			sourceTree = "<group>";
		};
		D570390C2CC69622001BB7AF /* ViewModel */ = {
			isa = PBXGroup;
			children = (
				D570390D2CC6966A001BB7AF /* AuthViewModel.swift */,
			);
			path = ViewModel;
			sourceTree = "<group>";
		};
/* End PBXGroup section */

/* Begin PBXNativeTarget section */
		D56F3B0B2CBC0BD100EEDC84 /* Check In */ = {
			isa = PBXNativeTarget;
			buildConfigurationList = D56F3B1B2CBC0BD200EEDC84 /* Build configuration list for PBXNativeTarget "Check In" */;
			buildPhases = (
				D56F3B082CBC0BD100EEDC84 /* Sources */,
				D56F3B092CBC0BD100EEDC84 /* Frameworks */,
				D56F3B0A2CBC0BD100EEDC84 /* Resources */,
			);
			buildRules = (
			);
			dependencies = (
			);
			name = "Check In";
			packageProductDependencies = (
				D57039042CC695B1001BB7AF /* FirebaseAuth */,
				D57039062CC695B1001BB7AF /* FirebaseFirestore */,
				D57039082CC695B1001BB7AF /* FirebaseStorage */,
				D570390F2CC6B1F9001BB7AF /* FirebaseFirestoreCombine-Community */,
			);
			productName = "Check In";
			productReference = D56F3B0C2CBC0BD100EEDC84 /* Check In.app */;
			productType = "com.apple.product-type.application";
		};
/* End PBXNativeTarget section */

/* Begin PBXProject section */
		D56F3B042CBC0BD100EEDC84 /* Project object */ = {
			isa = PBXProject;
			attributes = {
				BuildIndependentTargetsInParallel = 1;
				LastSwiftUpdateCheck = 1540;
				LastUpgradeCheck = 1540;
				TargetAttributes = {
					D56F3B0B2CBC0BD100EEDC84 = {
						CreatedOnToolsVersion = 15.4;
					};
				};
			};
			buildConfigurationList = D56F3B072CBC0BD100EEDC84 /* Build configuration list for PBXProject "Check In" */;
			compatibilityVersion = "Xcode 14.0";
			developmentRegion = en;
			hasScannedForEncodings = 0;
			knownRegions = (
				en,
				Base,
			);
			mainGroup = D56F3B032CBC0BD100EEDC84;
			packageReferences = (
				D57039032CC695B1001BB7AF /* XCRemoteSwiftPackageReference "firebase-ios-sdk" */,
			);
			productRefGroup = D56F3B0D2CBC0BD100EEDC84 /* Products */;
			projectDirPath = "";
			projectRoot = "";
			targets = (
				D56F3B0B2CBC0BD100EEDC84 /* Check In */,
			);
		};
/* End PBXProject section */

/* Begin PBXResourcesBuildPhase section */
		D56F3B0A2CBC0BD100EEDC84 /* Resources */ = {
			isa = PBXResourcesBuildPhase;
			buildActionMask = 2147483647;
			files = (
				D56F3B182CBC0BD200EEDC84 /* Preview Assets.xcassets in Resources */,
				D56F3B142CBC0BD200EEDC84 /* Assets.xcassets in Resources */,
				D57039022CC69361001BB7AF /* GoogleService-Info.plist in Resources */,
			);
			runOnlyForDeploymentPostprocessing = 0;
		};
/* End PBXResourcesBuildPhase section */

/* Begin PBXSourcesBuildPhase section */
		D56F3B082CBC0BD100EEDC84 /* Sources */ = {
			isa = PBXSourcesBuildPhase;
			buildActionMask = 2147483647;
			files = (
				D57039002CC68C4F001BB7AF /* User.swift in Sources */,
				D56F3B232CBE111100EEDC84 /* CalendarView.swift in Sources */,
				D56F3B1F2CBC0C7900EEDC84 /* Info.swift in Sources */,
				D57038F02CC5718D001BB7AF /* ContentView.swift in Sources */,
				D57038BC2CC52C51001BB7AF /* IntroductionView.swift in Sources */,
				D57038FA2CC57B9C001BB7AF /* SignupView.swift in Sources */,
				D56F3B212CBC2E2E00EEDC84 /* HistoryView.swift in Sources */,
				D57038F42CC57201001BB7AF /* LoginView.swift in Sources */,
				D57038F82CC575B3001BB7AF /* InputView.swift in Sources */,
				D57038FE2CC68A61001BB7AF /* SettingsRowView.swift in Sources */,
				D58DF1C32CC9EEBF0070421B /* CaretakerHomeView.swift in Sources */,
				D570390E2CC6966A001BB7AF /* AuthViewModel.swift in Sources */,
				D56F3B102CBC0BD100EEDC84 /* Check_InApp.swift in Sources */,
				D57038FC2CC68898001BB7AF /* ProfileView.swift in Sources */,
				D57038F62CC57264001BB7AF /* CheckInView.swift in Sources */,
			);
			runOnlyForDeploymentPostprocessing = 0;
		};
/* End PBXSourcesBuildPhase section */

/* Begin XCBuildConfiguration section */
		D56F3B192CBC0BD200EEDC84 /* Debug */ = {
			isa = XCBuildConfiguration;
			buildSettings = {
				ALWAYS_SEARCH_USER_PATHS = NO;
				ASSETCATALOG_COMPILER_GENERATE_SWIFT_ASSET_SYMBOL_EXTENSIONS = YES;
				CLANG_ANALYZER_NONNULL = YES;
				CLANG_ANALYZER_NUMBER_OBJECT_CONVERSION = YES_AGGRESSIVE;
				CLANG_CXX_LANGUAGE_STANDARD = "gnu++20";
				CLANG_ENABLE_MODULES = YES;
				CLANG_ENABLE_OBJC_ARC = YES;
				CLANG_ENABLE_OBJC_WEAK = YES;
				CLANG_WARN_BLOCK_CAPTURE_AUTORELEASING = YES;
				CLANG_WARN_BOOL_CONVERSION = YES;
				CLANG_WARN_COMMA = YES;
				CLANG_WARN_CONSTANT_CONVERSION = YES;
				CLANG_WARN_DEPRECATED_OBJC_IMPLEMENTATIONS = YES;
				CLANG_WARN_DIRECT_OBJC_ISA_USAGE = YES_ERROR;
				CLANG_WARN_DOCUMENTATION_COMMENTS = YES;
				CLANG_WARN_EMPTY_BODY = YES;
				CLANG_WARN_ENUM_CONVERSION = YES;
				CLANG_WARN_INFINITE_RECURSION = YES;
				CLANG_WARN_INT_CONVERSION = YES;
				CLANG_WARN_NON_LITERAL_NULL_CONVERSION = YES;
				CLANG_WARN_OBJC_IMPLICIT_RETAIN_SELF = YES;
				CLANG_WARN_OBJC_LITERAL_CONVERSION = YES;
				CLANG_WARN_OBJC_ROOT_CLASS = YES_ERROR;
				CLANG_WARN_QUOTED_INCLUDE_IN_FRAMEWORK_HEADER = YES;
				CLANG_WARN_RANGE_LOOP_ANALYSIS = YES;
				CLANG_WARN_STRICT_PROTOTYPES = YES;
				CLANG_WARN_SUSPICIOUS_MOVE = YES;
				CLANG_WARN_UNGUARDED_AVAILABILITY = YES_AGGRESSIVE;
				CLANG_WARN_UNREACHABLE_CODE = YES;
				CLANG_WARN__DUPLICATE_METHOD_MATCH = YES;
				COPY_PHASE_STRIP = NO;
				DEBUG_INFORMATION_FORMAT = dwarf;
				ENABLE_STRICT_OBJC_MSGSEND = YES;
				ENABLE_TESTABILITY = YES;
				ENABLE_USER_SCRIPT_SANDBOXING = YES;
				GCC_C_LANGUAGE_STANDARD = gnu17;
				GCC_DYNAMIC_NO_PIC = NO;
				GCC_NO_COMMON_BLOCKS = YES;
				GCC_OPTIMIZATION_LEVEL = 0;
				GCC_PREPROCESSOR_DEFINITIONS = (
					"DEBUG=1",
					"$(inherited)",
				);
				GCC_WARN_64_TO_32_BIT_CONVERSION = YES;
				GCC_WARN_ABOUT_RETURN_TYPE = YES_ERROR;
				GCC_WARN_UNDECLARED_SELECTOR = YES;
				GCC_WARN_UNINITIALIZED_AUTOS = YES_AGGRESSIVE;
				GCC_WARN_UNUSED_FUNCTION = YES;
				GCC_WARN_UNUSED_VARIABLE = YES;
				LOCALIZATION_PREFERS_STRING_CATALOGS = YES;
				MTL_ENABLE_DEBUG_INFO = INCLUDE_SOURCE;
				MTL_FAST_MATH = YES;
				ONLY_ACTIVE_ARCH = YES;
				SWIFT_ACTIVE_COMPILATION_CONDITIONS = "DEBUG $(inherited)";
				SWIFT_OPTIMIZATION_LEVEL = "-Onone";
			};
			name = Debug;
		};
		D56F3B1A2CBC0BD200EEDC84 /* Release */ = {
			isa = XCBuildConfiguration;
			buildSettings = {
				ALWAYS_SEARCH_USER_PATHS = NO;
				ASSETCATALOG_COMPILER_GENERATE_SWIFT_ASSET_SYMBOL_EXTENSIONS = YES;
				CLANG_ANALYZER_NONNULL = YES;
				CLANG_ANALYZER_NUMBER_OBJECT_CONVERSION = YES_AGGRESSIVE;
				CLANG_CXX_LANGUAGE_STANDARD = "gnu++20";
				CLANG_ENABLE_MODULES = YES;
				CLANG_ENABLE_OBJC_ARC = YES;
				CLANG_ENABLE_OBJC_WEAK = YES;
				CLANG_WARN_BLOCK_CAPTURE_AUTORELEASING = YES;
				CLANG_WARN_BOOL_CONVERSION = YES;
				CLANG_WARN_COMMA = YES;
				CLANG_WARN_CONSTANT_CONVERSION = YES;
				CLANG_WARN_DEPRECATED_OBJC_IMPLEMENTATIONS = YES;
				CLANG_WARN_DIRECT_OBJC_ISA_USAGE = YES_ERROR;
				CLANG_WARN_DOCUMENTATION_COMMENTS = YES;
				CLANG_WARN_EMPTY_BODY = YES;
				CLANG_WARN_ENUM_CONVERSION = YES;
				CLANG_WARN_INFINITE_RECURSION = YES;
				CLANG_WARN_INT_CONVERSION = YES;
				CLANG_WARN_NON_LITERAL_NULL_CONVERSION = YES;
				CLANG_WARN_OBJC_IMPLICIT_RETAIN_SELF = YES;
				CLANG_WARN_OBJC_LITERAL_CONVERSION = YES;
				CLANG_WARN_OBJC_ROOT_CLASS = YES_ERROR;
				CLANG_WARN_QUOTED_INCLUDE_IN_FRAMEWORK_HEADER = YES;
				CLANG_WARN_RANGE_LOOP_ANALYSIS = YES;
				CLANG_WARN_STRICT_PROTOTYPES = YES;
				CLANG_WARN_SUSPICIOUS_MOVE = YES;
				CLANG_WARN_UNGUARDED_AVAILABILITY = YES_AGGRESSIVE;
				CLANG_WARN_UNREACHABLE_CODE = YES;
				CLANG_WARN__DUPLICATE_METHOD_MATCH = YES;
				COPY_PHASE_STRIP = NO;
				DEBUG_INFORMATION_FORMAT = "dwarf-with-dsym";
				ENABLE_NS_ASSERTIONS = NO;
				ENABLE_STRICT_OBJC_MSGSEND = YES;
				ENABLE_USER_SCRIPT_SANDBOXING = YES;
				GCC_C_LANGUAGE_STANDARD = gnu17;
				GCC_NO_COMMON_BLOCKS = YES;
				GCC_WARN_64_TO_32_BIT_CONVERSION = YES;
				GCC_WARN_ABOUT_RETURN_TYPE = YES_ERROR;
				GCC_WARN_UNDECLARED_SELECTOR = YES;
				GCC_WARN_UNINITIALIZED_AUTOS = YES_AGGRESSIVE;
				GCC_WARN_UNUSED_FUNCTION = YES;
				GCC_WARN_UNUSED_VARIABLE = YES;
				LOCALIZATION_PREFERS_STRING_CATALOGS = YES;
				MTL_ENABLE_DEBUG_INFO = NO;
				MTL_FAST_MATH = YES;
				SWIFT_COMPILATION_MODE = wholemodule;
			};
			name = Release;
		};
		D56F3B1C2CBC0BD200EEDC84 /* Debug */ = {
			isa = XCBuildConfiguration;
			buildSettings = {
				ASSETCATALOG_COMPILER_APPICON_NAME = AppIcon;
				ASSETCATALOG_COMPILER_GLOBAL_ACCENT_COLOR_NAME = AccentColor;
				CODE_SIGN_ENTITLEMENTS = "Check In/Check_In.entitlements";
				CODE_SIGN_STYLE = Automatic;
				CURRENT_PROJECT_VERSION = 1;
				DEVELOPMENT_ASSET_PATHS = "\"Check In/Preview Content\"";
				DEVELOPMENT_TEAM = PFH3XMDK6L;
				ENABLE_HARDENED_RUNTIME = YES;
				ENABLE_PREVIEWS = YES;
				GENERATE_INFOPLIST_FILE = YES;
				"INFOPLIST_KEY_UIApplicationSceneManifest_Generation[sdk=iphoneos*]" = YES;
				"INFOPLIST_KEY_UIApplicationSceneManifest_Generation[sdk=iphonesimulator*]" = YES;
				"INFOPLIST_KEY_UIApplicationSupportsIndirectInputEvents[sdk=iphoneos*]" = YES;
				"INFOPLIST_KEY_UIApplicationSupportsIndirectInputEvents[sdk=iphonesimulator*]" = YES;
				"INFOPLIST_KEY_UILaunchScreen_Generation[sdk=iphoneos*]" = YES;
				"INFOPLIST_KEY_UILaunchScreen_Generation[sdk=iphonesimulator*]" = YES;
				"INFOPLIST_KEY_UIStatusBarStyle[sdk=iphoneos*]" = UIStatusBarStyleDefault;
				"INFOPLIST_KEY_UIStatusBarStyle[sdk=iphonesimulator*]" = UIStatusBarStyleDefault;
				INFOPLIST_KEY_UISupportedInterfaceOrientations_iPad = "UIInterfaceOrientationPortrait UIInterfaceOrientationPortraitUpsideDown UIInterfaceOrientationLandscapeLeft UIInterfaceOrientationLandscapeRight";
				INFOPLIST_KEY_UISupportedInterfaceOrientations_iPhone = "UIInterfaceOrientationPortrait UIInterfaceOrientationLandscapeLeft UIInterfaceOrientationLandscapeRight";
				IPHONEOS_DEPLOYMENT_TARGET = 17.5;
				LD_RUNPATH_SEARCH_PATHS = "@executable_path/Frameworks";
				"LD_RUNPATH_SEARCH_PATHS[sdk=macosx*]" = "@executable_path/../Frameworks";
				MACOSX_DEPLOYMENT_TARGET = 14.4;
				MARKETING_VERSION = 1.0;
				PRODUCT_BUNDLE_IDENTIFIER = "Harshitha.Check-In";
				PRODUCT_NAME = "$(TARGET_NAME)";
				SDKROOT = auto;
				SUPPORTED_PLATFORMS = "iphoneos iphonesimulator macosx";
				SWIFT_EMIT_LOC_STRINGS = YES;
				SWIFT_VERSION = 5.0;
				TARGETED_DEVICE_FAMILY = "1,2";
			};
			name = Debug;
		};
		D56F3B1D2CBC0BD200EEDC84 /* Release */ = {
			isa = XCBuildConfiguration;
			buildSettings = {
				ASSETCATALOG_COMPILER_APPICON_NAME = AppIcon;
				ASSETCATALOG_COMPILER_GLOBAL_ACCENT_COLOR_NAME = AccentColor;
				CODE_SIGN_ENTITLEMENTS = "Check In/Check_In.entitlements";
				CODE_SIGN_STYLE = Automatic;
				CURRENT_PROJECT_VERSION = 1;
				DEVELOPMENT_ASSET_PATHS = "\"Check In/Preview Content\"";
				DEVELOPMENT_TEAM = PFH3XMDK6L;
				ENABLE_HARDENED_RUNTIME = YES;
				ENABLE_PREVIEWS = YES;
				GENERATE_INFOPLIST_FILE = YES;
				"INFOPLIST_KEY_UIApplicationSceneManifest_Generation[sdk=iphoneos*]" = YES;
				"INFOPLIST_KEY_UIApplicationSceneManifest_Generation[sdk=iphonesimulator*]" = YES;
				"INFOPLIST_KEY_UIApplicationSupportsIndirectInputEvents[sdk=iphoneos*]" = YES;
				"INFOPLIST_KEY_UIApplicationSupportsIndirectInputEvents[sdk=iphonesimulator*]" = YES;
				"INFOPLIST_KEY_UILaunchScreen_Generation[sdk=iphoneos*]" = YES;
				"INFOPLIST_KEY_UILaunchScreen_Generation[sdk=iphonesimulator*]" = YES;
				"INFOPLIST_KEY_UIStatusBarStyle[sdk=iphoneos*]" = UIStatusBarStyleDefault;
				"INFOPLIST_KEY_UIStatusBarStyle[sdk=iphonesimulator*]" = UIStatusBarStyleDefault;
				INFOPLIST_KEY_UISupportedInterfaceOrientations_iPad = "UIInterfaceOrientationPortrait UIInterfaceOrientationPortraitUpsideDown UIInterfaceOrientationLandscapeLeft UIInterfaceOrientationLandscapeRight";
				INFOPLIST_KEY_UISupportedInterfaceOrientations_iPhone = "UIInterfaceOrientationPortrait UIInterfaceOrientationLandscapeLeft UIInterfaceOrientationLandscapeRight";
				IPHONEOS_DEPLOYMENT_TARGET = 17.5;
				LD_RUNPATH_SEARCH_PATHS = "@executable_path/Frameworks";
				"LD_RUNPATH_SEARCH_PATHS[sdk=macosx*]" = "@executable_path/../Frameworks";
				MACOSX_DEPLOYMENT_TARGET = 14.4;
				MARKETING_VERSION = 1.0;
				PRODUCT_BUNDLE_IDENTIFIER = "Harshitha.Check-In";
				PRODUCT_NAME = "$(TARGET_NAME)";
				SDKROOT = auto;
				SUPPORTED_PLATFORMS = "iphoneos iphonesimulator macosx";
				SWIFT_EMIT_LOC_STRINGS = YES;
				SWIFT_VERSION = 5.0;
				TARGETED_DEVICE_FAMILY = "1,2";
			};
			name = Release;
		};
/* End XCBuildConfiguration section */

/* Begin XCConfigurationList section */
		D56F3B072CBC0BD100EEDC84 /* Build configuration list for PBXProject "Check In" */ = {
			isa = XCConfigurationList;
			buildConfigurations = (
				D56F3B192CBC0BD200EEDC84 /* Debug */,
				D56F3B1A2CBC0BD200EEDC84 /* Release */,
			);
			defaultConfigurationIsVisible = 0;
			defaultConfigurationName = Release;
		};
		D56F3B1B2CBC0BD200EEDC84 /* Build configuration list for PBXNativeTarget "Check In" */ = {
			isa = XCConfigurationList;
			buildConfigurations = (
				D56F3B1C2CBC0BD200EEDC84 /* Debug */,
				D56F3B1D2CBC0BD200EEDC84 /* Release */,
			);
			defaultConfigurationIsVisible = 0;
			defaultConfigurationName = Release;
		};
/* End XCConfigurationList section */

/* Begin XCRemoteSwiftPackageReference section */
		D57039032CC695B1001BB7AF /* XCRemoteSwiftPackageReference "firebase-ios-sdk" */ = {
			isa = XCRemoteSwiftPackageReference;
			repositoryURL = "https://github.com/firebase/firebase-ios-sdk";
			requirement = {
				kind = upToNextMajorVersion;
				minimumVersion = 11.3.0;
			};
		};
/* End XCRemoteSwiftPackageReference section */

/* Begin XCSwiftPackageProductDependency section */
		D57039042CC695B1001BB7AF /* FirebaseAuth */ = {
			isa = XCSwiftPackageProductDependency;
			package = D57039032CC695B1001BB7AF /* XCRemoteSwiftPackageReference "firebase-ios-sdk" */;
			productName = FirebaseAuth;
		};
		D57039062CC695B1001BB7AF /* FirebaseFirestore */ = {
			isa = XCSwiftPackageProductDependency;
			package = D57039032CC695B1001BB7AF /* XCRemoteSwiftPackageReference "firebase-ios-sdk" */;
			productName = FirebaseFirestore;
		};
		D57039082CC695B1001BB7AF /* FirebaseStorage */ = {
			isa = XCSwiftPackageProductDependency;
			package = D57039032CC695B1001BB7AF /* XCRemoteSwiftPackageReference "firebase-ios-sdk" */;
			productName = FirebaseStorage;
		};
		D570390F2CC6B1F9001BB7AF /* FirebaseFirestoreCombine-Community */ = {
			isa = XCSwiftPackageProductDependency;
			package = D57039032CC695B1001BB7AF /* XCRemoteSwiftPackageReference "firebase-ios-sdk" */;
			productName = "FirebaseFirestoreCombine-Community";
		};
/* End XCSwiftPackageProductDependency section */
	};
	rootObject = D56F3B042CBC0BD100EEDC84 /* Project object */;
}
